
Microsoft Visual Studio Solution File, Format Version 12.00
# Visual Studio Version 17
VisualStudioVersion = 17.4.33213.308
MinimumVisualStudioVersion = 10.0.40219.1
Project("{FAE04EC0-301F-11D3-BF4B-00C04F79EFBC}") = "UserContrel", "UserContrel\UserContrel.csproj", "{ED09ECC6-F404-4520-ABF1-E71BBF383EDD}"
EndProject
Global
	GlobalSection(SolutionConfigurationPlatforms) = preSolution
		Debug|Any CPU = Debug|Any CPU
		Release|Any CPU = Release|Any CPU
	EndGlobalSection
	GlobalSection(ProjectConfigurationPlatforms) = postSolution
		{ED09ECC6-F404-4520-ABF1-E71BBF383EDD}.Debug|Any CPU.ActiveCfg = Debug|Any CPU
		{ED09ECC6-F404-4520-ABF1-E71BBF383EDD}.Debug|Any CPU.Build.0 = Debug|Any CPU
		{ED09ECC6-F404-4520-ABF1-E71BBF383EDD}.Release|Any CPU.ActiveCfg = Release|Any CPU
		{ED09ECC6-F404-4520-ABF1-E71BBF383EDD}.Release|Any CPU.Build.0 = Release|Any CPU
	EndGlobalSection
	GlobalSection(SolutionProperties) = preSolution
		HideSolutionNode = FALSE
	EndGlobalSection
	GlobalSection(ExtensibilityGlobals) = postSolution
		SolutionGuid = {0DB55A4E-8948-498E-8FA1-D981ACF5AA25}
	EndGlobalSection
EndGlobal
