
Microsoft Visual Studio Solution File, Format Version 12.00
# Visual Studio Version 17
VisualStudioVersion = 17.4.33213.308
MinimumVisualStudioVersion = 10.0.40219.1
Project("{FAE04EC0-301F-11D3-BF4B-00C04F79EFBC}") = "07.05.24.Task3", "07.05.24.Task3\07.05.24.Task3.csproj", "{A05D9B06-C422-4D7F-8564-BE13E5A224CD}"
EndProject
Global
	GlobalSection(SolutionConfigurationPlatforms) = preSolution
		Debug|Any CPU = Debug|Any CPU
		Release|Any CPU = Release|Any CPU
	EndGlobalSection
	GlobalSection(ProjectConfigurationPlatforms) = postSolution
		{A05D9B06-C422-4D7F-8564-BE13E5A224CD}.Debug|Any CPU.ActiveCfg = Debug|Any CPU
		{A05D9B06-C422-4D7F-8564-BE13E5A224CD}.Debug|Any CPU.Build.0 = Debug|Any CPU
		{A05D9B06-C422-4D7F-8564-BE13E5A224CD}.Release|Any CPU.ActiveCfg = Release|Any CPU
		{A05D9B06-C422-4D7F-8564-BE13E5A224CD}.Release|Any CPU.Build.0 = Release|Any CPU
	EndGlobalSection
	GlobalSection(SolutionProperties) = preSolution
		HideSolutionNode = FALSE
	EndGlobalSection
	GlobalSection(ExtensibilityGlobals) = postSolution
		SolutionGuid = {6652E8EC-6041-4406-8752-0AB308B54D6D}
	EndGlobalSection
EndGlobal
