
Microsoft Visual Studio Solution File, Format Version 12.00
# Visual Studio Version 17
VisualStudioVersion = 17.8.34330.188
MinimumVisualStudioVersion = 10.0.40219.1
Project("{FAE04EC0-301F-11D3-BF4B-00C04F79EFBC}") = "AppUser", "AppUser\AppUser.csproj", "{53446B44-0763-419A-BBB0-2A6BE72F945E}"
EndProject
Global
	GlobalSection(SolutionConfigurationPlatforms) = preSolution
		Debug|Any CPU = Debug|Any CPU
		Release|Any CPU = Release|Any CPU
	EndGlobalSection
	GlobalSection(ProjectConfigurationPlatforms) = postSolution
		{53446B44-0763-419A-BBB0-2A6BE72F945E}.Debug|Any CPU.ActiveCfg = Debug|Any CPU
		{53446B44-0763-419A-BBB0-2A6BE72F945E}.Debug|Any CPU.Build.0 = Debug|Any CPU
		{53446B44-0763-419A-BBB0-2A6BE72F945E}.Release|Any CPU.ActiveCfg = Release|Any CPU
		{53446B44-0763-419A-BBB0-2A6BE72F945E}.Release|Any CPU.Build.0 = Release|Any CPU
	EndGlobalSection
	GlobalSection(SolutionProperties) = preSolution
		HideSolutionNode = FALSE
	EndGlobalSection
	GlobalSection(ExtensibilityGlobals) = postSolution
		SolutionGuid = {13BE8CCF-7B47-4734-AC36-24E671801F40}
	EndGlobalSection
EndGlobal
